
Microsoft Visual Studio Solution File, Format Version 12.00
# Visual Studio Version 16
VisualStudioVersion = 16.0.32106.194
MinimumVisualStudioVersion = 10.0.40219.1
Project("{888888A0-9F3D-457C-B088-3A5042F75D52}") = "WebcamTest", "WebcamTest.pyproj", "{E71E5843-5D66-4F7A-810C-A17F9CF58A22}"
EndProject
Global
	GlobalSection(SolutionConfigurationPlatforms) = preSolution
		Debug|Any CPU = Debug|Any CPU
		Release|Any CPU = Release|Any CPU
	EndGlobalSection
	GlobalSection(ProjectConfigurationPlatforms) = postSolution
		{E71E5843-5D66-4F7A-810C-A17F9CF58A22}.Debug|Any CPU.ActiveCfg = Debug|Any CPU
		{E71E5843-5D66-4F7A-810C-A17F9CF58A22}.Release|Any CPU.ActiveCfg = Release|Any CPU
	EndGlobalSection
	GlobalSection(SolutionProperties) = preSolution
		HideSolutionNode = FALSE
	EndGlobalSection
	GlobalSection(ExtensibilityGlobals) = postSolution
		SolutionGuid = {281512B9-2171-474C-9AE0-71458407DD99}
	EndGlobalSection
EndGlobal
